
Microsoft Visual Studio Solution File, Format Version 12.00
# Visual Studio 15
VisualStudioVersion = 15.0.33801.198
MinimumVisualStudioVersion = 10.0.40219.1
Project("{FAE04EC0-301F-11D3-BF4B-00C04F79EFBC}") = "大地主题正反算", "大地主题正反算\大地主题正反算.csproj", "{63C3837F-007C-4D96-9680-11E7E02F528B}"
EndProject
Global
	GlobalSection(SolutionConfigurationPlatforms) = preSolution
		Debug|Any CPU = Debug|Any CPU
		Release|Any CPU = Release|Any CPU
	EndGlobalSection
	GlobalSection(ProjectConfigurationPlatforms) = postSolution
		{63C3837F-007C-4D96-9680-11E7E02F528B}.Debug|Any CPU.ActiveCfg = Debug|Any CPU
		{63C3837F-007C-4D96-9680-11E7E02F528B}.Debug|Any CPU.Build.0 = Debug|Any CPU
		{63C3837F-007C-4D96-9680-11E7E02F528B}.Release|Any CPU.ActiveCfg = Release|Any CPU
		{63C3837F-007C-4D96-9680-11E7E02F528B}.Release|Any CPU.Build.0 = Release|Any CPU
	EndGlobalSection
	GlobalSection(SolutionProperties) = preSolution
		HideSolutionNode = FALSE
	EndGlobalSection
	GlobalSection(ExtensibilityGlobals) = postSolution
		SolutionGuid = {C0D88114-A3E2-4E21-BD93-FB2981450249}
	EndGlobalSection
EndGlobal
