
Microsoft Visual Studio Solution File, Format Version 12.00
# Visual Studio Version 17
VisualStudioVersion = 17.5.33530.505
MinimumVisualStudioVersion = 10.0.40219.1
Project("{FAE04EC0-301F-11D3-BF4B-00C04F79EFBC}") = "栅格数据", "栅格数据\栅格数据.csproj", "{8E14F00C-6B3B-4CB1-B930-327E351A4688}"
EndProject
Global
	GlobalSection(SolutionConfigurationPlatforms) = preSolution
		Debug|Any CPU = Debug|Any CPU
		Release|Any CPU = Release|Any CPU
	EndGlobalSection
	GlobalSection(ProjectConfigurationPlatforms) = postSolution
		{8E14F00C-6B3B-4CB1-B930-327E351A4688}.Debug|Any CPU.ActiveCfg = Debug|Any CPU
		{8E14F00C-6B3B-4CB1-B930-327E351A4688}.Debug|Any CPU.Build.0 = Debug|Any CPU
		{8E14F00C-6B3B-4CB1-B930-327E351A4688}.Release|Any CPU.ActiveCfg = Release|Any CPU
		{8E14F00C-6B3B-4CB1-B930-327E351A4688}.Release|Any CPU.Build.0 = Release|Any CPU
	EndGlobalSection
	GlobalSection(SolutionProperties) = preSolution
		HideSolutionNode = FALSE
	EndGlobalSection
	GlobalSection(ExtensibilityGlobals) = postSolution
		SolutionGuid = {8C3ACC19-3E3F-406C-9660-9FC71E81494B}
	EndGlobalSection
EndGlobal
