
Microsoft Visual Studio Solution File, Format Version 12.00
# Visual Studio 15
VisualStudioVersion = 15.0.33801.198
MinimumVisualStudioVersion = 10.0.40219.1
Project("{FAE04EC0-301F-11D3-BF4B-00C04F79EFBC}") = "激光点云", "激光点云\激光点云.csproj", "{70B05E97-A962-4A7B-8813-85A1998D836E}"
EndProject
Global
	GlobalSection(SolutionConfigurationPlatforms) = preSolution
		Debug|Any CPU = Debug|Any CPU
		Release|Any CPU = Release|Any CPU
	EndGlobalSection
	GlobalSection(ProjectConfigurationPlatforms) = postSolution
		{70B05E97-A962-4A7B-8813-85A1998D836E}.Debug|Any CPU.ActiveCfg = Debug|Any CPU
		{70B05E97-A962-4A7B-8813-85A1998D836E}.Debug|Any CPU.Build.0 = Debug|Any CPU
		{70B05E97-A962-4A7B-8813-85A1998D836E}.Release|Any CPU.ActiveCfg = Release|Any CPU
		{70B05E97-A962-4A7B-8813-85A1998D836E}.Release|Any CPU.Build.0 = Release|Any CPU
	EndGlobalSection
	GlobalSection(SolutionProperties) = preSolution
		HideSolutionNode = FALSE
	EndGlobalSection
	GlobalSection(ExtensibilityGlobals) = postSolution
		SolutionGuid = {2122CDB8-AA10-4EF7-9CA2-93021AFD1FF0}
	EndGlobalSection
EndGlobal
