
Microsoft Visual Studio Solution File, Format Version 12.00
# Visual Studio 15
VisualStudioVersion = 15.0.33801.198
MinimumVisualStudioVersion = 10.0.40219.1
Project("{FAE04EC0-301F-11D3-BF4B-00C04F79EFBC}") = "栅格数据_27", "栅格数据_27\栅格数据_27.csproj", "{01D60DB1-BA2F-4DDC-8E67-3A198AAFBC34}"
EndProject
Global
	GlobalSection(SolutionConfigurationPlatforms) = preSolution
		Debug|Any CPU = Debug|Any CPU
		Release|Any CPU = Release|Any CPU
	EndGlobalSection
	GlobalSection(ProjectConfigurationPlatforms) = postSolution
		{01D60DB1-BA2F-4DDC-8E67-3A198AAFBC34}.Debug|Any CPU.ActiveCfg = Debug|Any CPU
		{01D60DB1-BA2F-4DDC-8E67-3A198AAFBC34}.Debug|Any CPU.Build.0 = Debug|Any CPU
		{01D60DB1-BA2F-4DDC-8E67-3A198AAFBC34}.Release|Any CPU.ActiveCfg = Release|Any CPU
		{01D60DB1-BA2F-4DDC-8E67-3A198AAFBC34}.Release|Any CPU.Build.0 = Release|Any CPU
	EndGlobalSection
	GlobalSection(SolutionProperties) = preSolution
		HideSolutionNode = FALSE
	EndGlobalSection
	GlobalSection(ExtensibilityGlobals) = postSolution
		SolutionGuid = {A6F160A6-8621-4BB5-8B44-0DF1DA8C7A06}
	EndGlobalSection
EndGlobal
