
Microsoft Visual Studio Solution File, Format Version 12.00
# Visual Studio 15
VisualStudioVersion = 15.0.33801.198
MinimumVisualStudioVersion = 10.0.40219.1
Project("{FAE04EC0-301F-11D3-BF4B-00C04F79EFBC}") = "zf_028", "zf_028\zf_028.csproj", "{51BEC10C-ECE9-469D-8D84-5D9ADED3FE81}"
EndProject
Global
	GlobalSection(SolutionConfigurationPlatforms) = preSolution
		Debug|Any CPU = Debug|Any CPU
		Release|Any CPU = Release|Any CPU
	EndGlobalSection
	GlobalSection(ProjectConfigurationPlatforms) = postSolution
		{51BEC10C-ECE9-469D-8D84-5D9ADED3FE81}.Debug|Any CPU.ActiveCfg = Debug|Any CPU
		{51BEC10C-ECE9-469D-8D84-5D9ADED3FE81}.Debug|Any CPU.Build.0 = Debug|Any CPU
		{51BEC10C-ECE9-469D-8D84-5D9ADED3FE81}.Release|Any CPU.ActiveCfg = Release|Any CPU
		{51BEC10C-ECE9-469D-8D84-5D9ADED3FE81}.Release|Any CPU.Build.0 = Release|Any CPU
	EndGlobalSection
	GlobalSection(SolutionProperties) = preSolution
		HideSolutionNode = FALSE
	EndGlobalSection
	GlobalSection(ExtensibilityGlobals) = postSolution
		SolutionGuid = {5B8CF2D9-6ED5-48D7-B106-53592DBF3622}
	EndGlobalSection
EndGlobal
