
Microsoft Visual Studio Solution File, Format Version 12.00
# Visual Studio 15
VisualStudioVersion = 15.0.33801.198
MinimumVisualStudioVersion = 10.0.40219.1
Project("{FAE04EC0-301F-11D3-BF4B-00C04F79EFBC}") = "大地主题正反算_25", "大地主题正反算_25\大地主题正反算_25.csproj", "{F4058FD7-6C97-4925-887A-CE8816AC8A3D}"
EndProject
Global
	GlobalSection(SolutionConfigurationPlatforms) = preSolution
		Debug|Any CPU = Debug|Any CPU
		Release|Any CPU = Release|Any CPU
	EndGlobalSection
	GlobalSection(ProjectConfigurationPlatforms) = postSolution
		{F4058FD7-6C97-4925-887A-CE8816AC8A3D}.Debug|Any CPU.ActiveCfg = Debug|Any CPU
		{F4058FD7-6C97-4925-887A-CE8816AC8A3D}.Debug|Any CPU.Build.0 = Debug|Any CPU
		{F4058FD7-6C97-4925-887A-CE8816AC8A3D}.Release|Any CPU.ActiveCfg = Release|Any CPU
		{F4058FD7-6C97-4925-887A-CE8816AC8A3D}.Release|Any CPU.Build.0 = Release|Any CPU
	EndGlobalSection
	GlobalSection(SolutionProperties) = preSolution
		HideSolutionNode = FALSE
	EndGlobalSection
	GlobalSection(ExtensibilityGlobals) = postSolution
		SolutionGuid = {295716E7-FAE0-4EF3-8070-BEE242CAFF93}
	EndGlobalSection
EndGlobal
