
Microsoft Visual Studio Solution File, Format Version 12.00
# Visual Studio Version 17
VisualStudioVersion = 17.5.33530.505
MinimumVisualStudioVersion = 10.0.40219.1
Project("{FAE04EC0-301F-11D3-BF4B-00C04F79EFBC}") = "空间前方交会_考前复习", "空间前方交会_考前复习\空间前方交会_考前复习.csproj", "{2A7309FF-83EA-46CC-9A82-B31CED61A1E9}"
EndProject
Global
	GlobalSection(SolutionConfigurationPlatforms) = preSolution
		Debug|Any CPU = Debug|Any CPU
		Release|Any CPU = Release|Any CPU
	EndGlobalSection
	GlobalSection(ProjectConfigurationPlatforms) = postSolution
		{2A7309FF-83EA-46CC-9A82-B31CED61A1E9}.Debug|Any CPU.ActiveCfg = Debug|Any CPU
		{2A7309FF-83EA-46CC-9A82-B31CED61A1E9}.Debug|Any CPU.Build.0 = Debug|Any CPU
		{2A7309FF-83EA-46CC-9A82-B31CED61A1E9}.Release|Any CPU.ActiveCfg = Release|Any CPU
		{2A7309FF-83EA-46CC-9A82-B31CED61A1E9}.Release|Any CPU.Build.0 = Release|Any CPU
	EndGlobalSection
	GlobalSection(SolutionProperties) = preSolution
		HideSolutionNode = FALSE
	EndGlobalSection
	GlobalSection(ExtensibilityGlobals) = postSolution
		SolutionGuid = {113B766E-AC25-4967-B1FA-DCEFB5A55C13}
	EndGlobalSection
EndGlobal
