
Microsoft Visual Studio Solution File, Format Version 12.00
# Visual Studio 15
VisualStudioVersion = 15.0.33801.198
MinimumVisualStudioVersion = 10.0.40219.1
Project("{FAE04EC0-301F-11D3-BF4B-00C04F79EFBC}") = "单点定位_28", "单点定位_28\单点定位_28.csproj", "{EB22152C-28A4-4E18-B8C2-CFF77F39668A}"
EndProject
Global
	GlobalSection(SolutionConfigurationPlatforms) = preSolution
		Debug|Any CPU = Debug|Any CPU
		Release|Any CPU = Release|Any CPU
	EndGlobalSection
	GlobalSection(ProjectConfigurationPlatforms) = postSolution
		{EB22152C-28A4-4E18-B8C2-CFF77F39668A}.Debug|Any CPU.ActiveCfg = Debug|Any CPU
		{EB22152C-28A4-4E18-B8C2-CFF77F39668A}.Debug|Any CPU.Build.0 = Debug|Any CPU
		{EB22152C-28A4-4E18-B8C2-CFF77F39668A}.Release|Any CPU.ActiveCfg = Release|Any CPU
		{EB22152C-28A4-4E18-B8C2-CFF77F39668A}.Release|Any CPU.Build.0 = Release|Any CPU
	EndGlobalSection
	GlobalSection(SolutionProperties) = preSolution
		HideSolutionNode = FALSE
	EndGlobalSection
	GlobalSection(ExtensibilityGlobals) = postSolution
		SolutionGuid = {24ADA8A2-30E5-4452-BA7E-13D4616B28CB}
	EndGlobalSection
EndGlobal
